
Microsoft Visual Studio Solution File, Format Version 12.00
# Visual Studio 14
VisualStudioVersion = 14.0.23107.0
MinimumVisualStudioVersion = 10.0.40219.1
Project("{FAE04EC0-301F-11D3-BF4B-00C04F79EFBC}") = "UnitTest", "UnitTest\UnitTest.csproj", "{EAA4C780-0963-4479-9D11-E162127C0014}"
EndProject
Project("{FAE04EC0-301F-11D3-BF4B-00C04F79EFBC}") = "WPFDemo", "WPFDemo\WPFDemo.csproj", "{7BEAE24F-5041-441D-99D9-D82657A8BBE7}"
EndProject
Project("{FAE04EC0-301F-11D3-BF4B-00C04F79EFBC}") = "Physics2D", "Physics2D\Physics2D.csproj", "{B6CB3F77-02D2-4543-A51C-51DFEB83AD5D}"
EndProject
Global
	GlobalSection(SolutionConfigurationPlatforms) = preSolution
		Debug|Any CPU = Debug|Any CPU
		Debug|ARM = Debug|ARM
		Debug|x64 = Debug|x64
		Debug|x86 = Debug|x86
		Release|Any CPU = Release|Any CPU
		Release|ARM = Release|ARM
		Release|x64 = Release|x64
		Release|x86 = Release|x86
	EndGlobalSection
	GlobalSection(ProjectConfigurationPlatforms) = postSolution
		{EAA4C780-0963-4479-9D11-E162127C0014}.Debug|Any CPU.ActiveCfg = Debug|Any CPU
		{EAA4C780-0963-4479-9D11-E162127C0014}.Debug|Any CPU.Build.0 = Debug|Any CPU
		{EAA4C780-0963-4479-9D11-E162127C0014}.Debug|ARM.ActiveCfg = Debug|Any CPU
		{EAA4C780-0963-4479-9D11-E162127C0014}.Debug|ARM.Build.0 = Debug|Any CPU
		{EAA4C780-0963-4479-9D11-E162127C0014}.Debug|x64.ActiveCfg = Debug|Any CPU
		{EAA4C780-0963-4479-9D11-E162127C0014}.Debug|x64.Build.0 = Debug|Any CPU
		{EAA4C780-0963-4479-9D11-E162127C0014}.Debug|x86.ActiveCfg = Debug|Any CPU
		{EAA4C780-0963-4479-9D11-E162127C0014}.Debug|x86.Build.0 = Debug|Any CPU
		{EAA4C780-0963-4479-9D11-E162127C0014}.Release|Any CPU.ActiveCfg = Release|Any CPU
		{EAA4C780-0963-4479-9D11-E162127C0014}.Release|Any CPU.Build.0 = Release|Any CPU
		{EAA4C780-0963-4479-9D11-E162127C0014}.Release|ARM.ActiveCfg = Release|Any CPU
		{EAA4C780-0963-4479-9D11-E162127C0014}.Release|ARM.Build.0 = Release|Any CPU
		{EAA4C780-0963-4479-9D11-E162127C0014}.Release|x64.ActiveCfg = Release|Any CPU
		{EAA4C780-0963-4479-9D11-E162127C0014}.Release|x64.Build.0 = Release|Any CPU
		{EAA4C780-0963-4479-9D11-E162127C0014}.Release|x86.ActiveCfg = Release|Any CPU
		{EAA4C780-0963-4479-9D11-E162127C0014}.Release|x86.Build.0 = Release|Any CPU
		{7BEAE24F-5041-441D-99D9-D82657A8BBE7}.Debug|Any CPU.ActiveCfg = Debug|Any CPU
		{7BEAE24F-5041-441D-99D9-D82657A8BBE7}.Debug|Any CPU.Build.0 = Debug|Any CPU
		{7BEAE24F-5041-441D-99D9-D82657A8BBE7}.Debug|ARM.ActiveCfg = Debug|Any CPU
		{7BEAE24F-5041-441D-99D9-D82657A8BBE7}.Debug|ARM.Build.0 = Debug|Any CPU
		{7BEAE24F-5041-441D-99D9-D82657A8BBE7}.Debug|x64.ActiveCfg = Debug|Any CPU
		{7BEAE24F-5041-441D-99D9-D82657A8BBE7}.Debug|x64.Build.0 = Debug|Any CPU
		{7BEAE24F-5041-441D-99D9-D82657A8BBE7}.Debug|x86.ActiveCfg = Debug|Any CPU
		{7BEAE24F-5041-441D-99D9-D82657A8BBE7}.Debug|x86.Build.0 = Debug|Any CPU
		{7BEAE24F-5041-441D-99D9-D82657A8BBE7}.Release|Any CPU.ActiveCfg = Release|Any CPU
		{7BEAE24F-5041-441D-99D9-D82657A8BBE7}.Release|Any CPU.Build.0 = Release|Any CPU
		{7BEAE24F-5041-441D-99D9-D82657A8BBE7}.Release|ARM.ActiveCfg = Release|Any CPU
		{7BEAE24F-5041-441D-99D9-D82657A8BBE7}.Release|ARM.Build.0 = Release|Any CPU
		{7BEAE24F-5041-441D-99D9-D82657A8BBE7}.Release|x64.ActiveCfg = Release|Any CPU
		{7BEAE24F-5041-441D-99D9-D82657A8BBE7}.Release|x64.Build.0 = Release|Any CPU
		{7BEAE24F-5041-441D-99D9-D82657A8BBE7}.Release|x86.ActiveCfg = Release|Any CPU
		{7BEAE24F-5041-441D-99D9-D82657A8BBE7}.Release|x86.Build.0 = Release|Any CPU
		{B6CB3F77-02D2-4543-A51C-51DFEB83AD5D}.Debug|Any CPU.ActiveCfg = Debug|Any CPU
		{B6CB3F77-02D2-4543-A51C-51DFEB83AD5D}.Debug|Any CPU.Build.0 = Debug|Any CPU
		{B6CB3F77-02D2-4543-A51C-51DFEB83AD5D}.Debug|ARM.ActiveCfg = Debug|Any CPU
		{B6CB3F77-02D2-4543-A51C-51DFEB83AD5D}.Debug|ARM.Build.0 = Debug|Any CPU
		{B6CB3F77-02D2-4543-A51C-51DFEB83AD5D}.Debug|x64.ActiveCfg = Debug|Any CPU
		{B6CB3F77-02D2-4543-A51C-51DFEB83AD5D}.Debug|x64.Build.0 = Debug|Any CPU
		{B6CB3F77-02D2-4543-A51C-51DFEB83AD5D}.Debug|x86.ActiveCfg = Debug|Any CPU
		{B6CB3F77-02D2-4543-A51C-51DFEB83AD5D}.Debug|x86.Build.0 = Debug|Any CPU
		{B6CB3F77-02D2-4543-A51C-51DFEB83AD5D}.Release|Any CPU.ActiveCfg = Release|Any CPU
		{B6CB3F77-02D2-4543-A51C-51DFEB83AD5D}.Release|Any CPU.Build.0 = Release|Any CPU
		{B6CB3F77-02D2-4543-A51C-51DFEB83AD5D}.Release|ARM.ActiveCfg = Release|Any CPU
		{B6CB3F77-02D2-4543-A51C-51DFEB83AD5D}.Release|ARM.Build.0 = Release|Any CPU
		{B6CB3F77-02D2-4543-A51C-51DFEB83AD5D}.Release|x64.ActiveCfg = Release|Any CPU
		{B6CB3F77-02D2-4543-A51C-51DFEB83AD5D}.Release|x64.Build.0 = Release|Any CPU
		{B6CB3F77-02D2-4543-A51C-51DFEB83AD5D}.Release|x86.ActiveCfg = Release|Any CPU
		{B6CB3F77-02D2-4543-A51C-51DFEB83AD5D}.Release|x86.Build.0 = Release|Any CPU
	EndGlobalSection
	GlobalSection(SolutionProperties) = preSolution
		HideSolutionNode = FALSE
	EndGlobalSection
EndGlobal
