
Microsoft Visual Studio Solution File, Format Version 12.00
# Visual Studio 2013
VisualStudioVersion = 12.0.30723.0
MinimumVisualStudioVersion = 10.0.40219.1
Project("{FAE04EC0-301F-11D3-BF4B-00C04F79EFBC}") = "Physics2D", "Physics2D\Physics2D.csproj", "{820ADC3C-2FDA-4ED6-B625-5BFB94E6BC66}"
EndProject
Project("{FAE04EC0-301F-11D3-BF4B-00C04F79EFBC}") = "UnitTest", "UnitTest\UnitTest.csproj", "{EAA4C780-0963-4479-9D11-E162127C0014}"
EndProject
Project("{FAE04EC0-301F-11D3-BF4B-00C04F79EFBC}") = "WPFDemo", "WPFDemo\WPFDemo.csproj", "{7BEAE24F-5041-441D-99D9-D82657A8BBE7}"
EndProject
Global
	GlobalSection(SolutionConfigurationPlatforms) = preSolution
		Debug|Any CPU = Debug|Any CPU
		Release|Any CPU = Release|Any CPU
	EndGlobalSection
	GlobalSection(ProjectConfigurationPlatforms) = postSolution
		{820ADC3C-2FDA-4ED6-B625-5BFB94E6BC66}.Debug|Any CPU.ActiveCfg = Debug|Any CPU
		{820ADC3C-2FDA-4ED6-B625-5BFB94E6BC66}.Debug|Any CPU.Build.0 = Debug|Any CPU
		{820ADC3C-2FDA-4ED6-B625-5BFB94E6BC66}.Release|Any CPU.ActiveCfg = Release|Any CPU
		{820ADC3C-2FDA-4ED6-B625-5BFB94E6BC66}.Release|Any CPU.Build.0 = Release|Any CPU
		{EAA4C780-0963-4479-9D11-E162127C0014}.Debug|Any CPU.ActiveCfg = Debug|Any CPU
		{EAA4C780-0963-4479-9D11-E162127C0014}.Debug|Any CPU.Build.0 = Debug|Any CPU
		{EAA4C780-0963-4479-9D11-E162127C0014}.Release|Any CPU.ActiveCfg = Release|Any CPU
		{EAA4C780-0963-4479-9D11-E162127C0014}.Release|Any CPU.Build.0 = Release|Any CPU
		{7BEAE24F-5041-441D-99D9-D82657A8BBE7}.Debug|Any CPU.ActiveCfg = Debug|Any CPU
		{7BEAE24F-5041-441D-99D9-D82657A8BBE7}.Debug|Any CPU.Build.0 = Debug|Any CPU
		{7BEAE24F-5041-441D-99D9-D82657A8BBE7}.Release|Any CPU.ActiveCfg = Release|Any CPU
		{7BEAE24F-5041-441D-99D9-D82657A8BBE7}.Release|Any CPU.Build.0 = Release|Any CPU
	EndGlobalSection
	GlobalSection(SolutionProperties) = preSolution
		HideSolutionNode = FALSE
	EndGlobalSection
EndGlobal
